
Microsoft Visual Studio Solution File, Format Version 12.00
# Visual Studio 14
VisualStudioVersion = 14.0.25402.0
MinimumVisualStudioVersion = 10.0.40219.1
Project("{2150E333-8FDC-42A3-9474-1A3956D46DE8}") = "src", "src", "{0D7AEFA3-ABB0-4AF1-A4C1-F8E05C241753}"
EndProject
Project("{2150E333-8FDC-42A3-9474-1A3956D46DE8}") = "Solution Items", "Solution Items", "{ABB81F71-8F88-41F7-A235-9458DB99BB7D}"
	ProjectSection(SolutionItems) = preProject
		global.json = global.json
	EndProjectSection
EndProject
Project("{8BB2217D-0F2D-49D1-97BC-3654ED321F3B}") = "WebApplication", "src\WebApplication\WebApplication.xproj", "{B511B595-A980-4D5C-BC2A-BCCB4065B433}"
EndProject
Project("{8BB2217D-0F2D-49D1-97BC-3654ED321F3B}") = "WebApplication.ExtensionA", "src\WebApplication.ExtensionA\WebApplication.ExtensionA.xproj", "{8D722841-4E2C-4673-A7CC-C2690EFE3915}"
EndProject
Project("{2150E333-8FDC-42A3-9474-1A3956D46DE8}") = "ExtensionA", "ExtensionA", "{F92B44CF-63EE-4781-8244-48ACC5386A8C}"
EndProject
Project("{2150E333-8FDC-42A3-9474-1A3956D46DE8}") = "ExtensionB", "ExtensionB", "{4EA56716-702B-485A-A23A-10E110A85D78}"
EndProject
Project("{8BB2217D-0F2D-49D1-97BC-3654ED321F3B}") = "WebApplication.ExtensionB", "src\WebApplication.ExtensionB\WebApplication.ExtensionB.xproj", "{396A8530-C500-469E-9F6F-A2D9C286C47D}"
EndProject
Project("{2150E333-8FDC-42A3-9474-1A3956D46DE8}") = "ZSwagger", "ZSwagger", "{BE26C0C4-68DC-4A81-BEDF-ED27FE990CCC}"
EndProject
Project("{8BB2217D-0F2D-49D1-97BC-3654ED321F3B}") = "WebApplication.ZSwagger", "src\WebApplication.ZSwagger\WebApplication.ZSwagger.xproj", "{812904F1-9999-4AC4-8B08-6F688C6D3B33}"
EndProject
Project("{2150E333-8FDC-42A3-9474-1A3956D46DE8}") = "ALogger", "ALogger", "{C0DF8832-46F2-4BF3-83EE-313AA3B0514D}"
EndProject
Project("{8BB2217D-0F2D-49D1-97BC-3654ED321F3B}") = "WebApplication.ALogger", "src\WebApplication.ALogger\WebApplication.ALogger.xproj", "{B0336644-E347-4875-BC5A-73B8D3DB6FCA}"
EndProject
Project("{2150E333-8FDC-42A3-9474-1A3956D46DE8}") = "BEntityFrameworkCore", "BEntityFrameworkCore", "{7D751180-57DB-4B49-BC7C-184AF88D44A8}"
EndProject
Project("{8BB2217D-0F2D-49D1-97BC-3654ED321F3B}") = "WebApplication.BEntityFrameworkCore", "src\WebApplication.BEntityFrameworkCore\WebApplication.BEntityFrameworkCore.xproj", "{01994C30-12AD-4F47-85F9-D82CA0EFC06B}"
EndProject
Global
	GlobalSection(SolutionConfigurationPlatforms) = preSolution
		Debug|Any CPU = Debug|Any CPU
		Release|Any CPU = Release|Any CPU
	EndGlobalSection
	GlobalSection(ProjectConfigurationPlatforms) = postSolution
		{B511B595-A980-4D5C-BC2A-BCCB4065B433}.Debug|Any CPU.ActiveCfg = Debug|Any CPU
		{B511B595-A980-4D5C-BC2A-BCCB4065B433}.Debug|Any CPU.Build.0 = Debug|Any CPU
		{B511B595-A980-4D5C-BC2A-BCCB4065B433}.Release|Any CPU.ActiveCfg = Release|Any CPU
		{B511B595-A980-4D5C-BC2A-BCCB4065B433}.Release|Any CPU.Build.0 = Release|Any CPU
		{8D722841-4E2C-4673-A7CC-C2690EFE3915}.Debug|Any CPU.ActiveCfg = Debug|Any CPU
		{8D722841-4E2C-4673-A7CC-C2690EFE3915}.Debug|Any CPU.Build.0 = Debug|Any CPU
		{8D722841-4E2C-4673-A7CC-C2690EFE3915}.Release|Any CPU.ActiveCfg = Release|Any CPU
		{8D722841-4E2C-4673-A7CC-C2690EFE3915}.Release|Any CPU.Build.0 = Release|Any CPU
		{396A8530-C500-469E-9F6F-A2D9C286C47D}.Debug|Any CPU.ActiveCfg = Debug|Any CPU
		{396A8530-C500-469E-9F6F-A2D9C286C47D}.Debug|Any CPU.Build.0 = Debug|Any CPU
		{396A8530-C500-469E-9F6F-A2D9C286C47D}.Release|Any CPU.ActiveCfg = Release|Any CPU
		{396A8530-C500-469E-9F6F-A2D9C286C47D}.Release|Any CPU.Build.0 = Release|Any CPU
		{812904F1-9999-4AC4-8B08-6F688C6D3B33}.Debug|Any CPU.ActiveCfg = Debug|Any CPU
		{812904F1-9999-4AC4-8B08-6F688C6D3B33}.Debug|Any CPU.Build.0 = Debug|Any CPU
		{812904F1-9999-4AC4-8B08-6F688C6D3B33}.Release|Any CPU.ActiveCfg = Release|Any CPU
		{812904F1-9999-4AC4-8B08-6F688C6D3B33}.Release|Any CPU.Build.0 = Release|Any CPU
		{B0336644-E347-4875-BC5A-73B8D3DB6FCA}.Debug|Any CPU.ActiveCfg = Debug|Any CPU
		{B0336644-E347-4875-BC5A-73B8D3DB6FCA}.Debug|Any CPU.Build.0 = Debug|Any CPU
		{B0336644-E347-4875-BC5A-73B8D3DB6FCA}.Release|Any CPU.ActiveCfg = Release|Any CPU
		{B0336644-E347-4875-BC5A-73B8D3DB6FCA}.Release|Any CPU.Build.0 = Release|Any CPU
		{01994C30-12AD-4F47-85F9-D82CA0EFC06B}.Debug|Any CPU.ActiveCfg = Debug|Any CPU
		{01994C30-12AD-4F47-85F9-D82CA0EFC06B}.Debug|Any CPU.Build.0 = Debug|Any CPU
		{01994C30-12AD-4F47-85F9-D82CA0EFC06B}.Release|Any CPU.ActiveCfg = Release|Any CPU
		{01994C30-12AD-4F47-85F9-D82CA0EFC06B}.Release|Any CPU.Build.0 = Release|Any CPU
	EndGlobalSection
	GlobalSection(SolutionProperties) = preSolution
		HideSolutionNode = FALSE
	EndGlobalSection
	GlobalSection(NestedProjects) = preSolution
		{B511B595-A980-4D5C-BC2A-BCCB4065B433} = {0D7AEFA3-ABB0-4AF1-A4C1-F8E05C241753}
		{8D722841-4E2C-4673-A7CC-C2690EFE3915} = {F92B44CF-63EE-4781-8244-48ACC5386A8C}
		{F92B44CF-63EE-4781-8244-48ACC5386A8C} = {0D7AEFA3-ABB0-4AF1-A4C1-F8E05C241753}
		{4EA56716-702B-485A-A23A-10E110A85D78} = {0D7AEFA3-ABB0-4AF1-A4C1-F8E05C241753}
		{396A8530-C500-469E-9F6F-A2D9C286C47D} = {4EA56716-702B-485A-A23A-10E110A85D78}
		{BE26C0C4-68DC-4A81-BEDF-ED27FE990CCC} = {0D7AEFA3-ABB0-4AF1-A4C1-F8E05C241753}
		{812904F1-9999-4AC4-8B08-6F688C6D3B33} = {BE26C0C4-68DC-4A81-BEDF-ED27FE990CCC}
		{C0DF8832-46F2-4BF3-83EE-313AA3B0514D} = {0D7AEFA3-ABB0-4AF1-A4C1-F8E05C241753}
		{B0336644-E347-4875-BC5A-73B8D3DB6FCA} = {C0DF8832-46F2-4BF3-83EE-313AA3B0514D}
		{7D751180-57DB-4B49-BC7C-184AF88D44A8} = {0D7AEFA3-ABB0-4AF1-A4C1-F8E05C241753}
		{01994C30-12AD-4F47-85F9-D82CA0EFC06B} = {7D751180-57DB-4B49-BC7C-184AF88D44A8}
	EndGlobalSection
EndGlobal
